// !$*UTF8*$!
{
	archiveVersion = 1;
	classes = {
	};
	objectVersion = 51;
	objects = {

/* Begin PBXBuildFile section */
		0421A056C029F07EF0D6A415 /* Pods_VIPER_SWIFTTests.framework in Frameworks */ = {isa = PBXBuildFile; fileRef = 25A4AB722CDD9C88DF19820D /* Pods_VIPER_SWIFTTests.framework */; };
		B1701792CA62FF027196BC86 /* Pods_VIPER_SWIFT.framework in Frameworks */ = {isa = PBXBuildFile; fileRef = 994AD4D43EECE6C838113819 /* Pods_VIPER_SWIFT.framework */; };
		F927B7F024908ABF00A43044 /* SceneDelegate.swift in Sources */ = {isa = PBXBuildFile; fileRef = F927B7EF24908ABF00A43044 /* SceneDelegate.swift */; };
		F927B7F724908AC000A43044 /* Assets.xcassets in Resources */ = {isa = PBXBuildFile; fileRef = F927B7F624908AC000A43044 /* Assets.xcassets */; };
		F927B7FA24908AC000A43044 /* LaunchScreen.storyboard in Resources */ = {isa = PBXBuildFile; fileRef = F927B7F824908AC000A43044 /* LaunchScreen.storyboard */; };
		F927B80524908AC100A43044 /* VIPER_SWIFTTests.swift in Sources */ = {isa = PBXBuildFile; fileRef = F927B80424908AC100A43044 /* VIPER_SWIFTTests.swift */; };
		F927B84E24908BA900A43044 /* TodoItem.swift in Sources */ = {isa = PBXBuildFile; fileRef = F927B81224908BA800A43044 /* TodoItem.swift */; };
		F927B84F24908BA900A43044 /* NearTermDateRelation.swift in Sources */ = {isa = PBXBuildFile; fileRef = F927B81324908BA800A43044 /* NearTermDateRelation.swift */; };
		F927B85024908BA900A43044 /* RootWireframe.swift in Sources */ = {isa = PBXBuildFile; fileRef = F927B81524908BA800A43044 /* RootWireframe.swift */; };
		F927B85124908BA900A43044 /* NSCalendar+CalendarAdditions.swift in Sources */ = {isa = PBXBuildFile; fileRef = F927B81724908BA800A43044 /* NSCalendar+CalendarAdditions.swift */; };
		F927B85224908BA900A43044 /* Clock.swift in Sources */ = {isa = PBXBuildFile; fileRef = F927B81924908BA800A43044 /* Clock.swift */; };
		F927B85324908BA900A43044 /* DeviceClock.swift in Sources */ = {isa = PBXBuildFile; fileRef = F927B81A24908BA800A43044 /* DeviceClock.swift */; };
		F927B85424908BA900A43044 /* CoreDataStore.swift in Sources */ = {isa = PBXBuildFile; fileRef = F927B81C24908BA800A43044 /* CoreDataStore.swift */; };
		F927B85524908BA900A43044 /* TODO.xcdatamodeld in Sources */ = {isa = PBXBuildFile; fileRef = F927B81D24908BA800A43044 /* TODO.xcdatamodeld */; };
		F927B85624908BA900A43044 /* ManagedTodoItem.swift in Sources */ = {isa = PBXBuildFile; fileRef = F927B82024908BA800A43044 /* ManagedTodoItem.swift */; };
		F927B85724908BA900A43044 /* AppDependencies.swift in Sources */ = {isa = PBXBuildFile; fileRef = F927B82124908BA800A43044 /* AppDependencies.swift */; };
		F927B85824908BA900A43044 /* AppDelegate.swift in Sources */ = {isa = PBXBuildFile; fileRef = F927B82224908BA800A43044 /* AppDelegate.swift */; };
		F927B85924908BA900A43044 /* AddModuleInterface.swift in Sources */ = {isa = PBXBuildFile; fileRef = F927B82624908BA800A43044 /* AddModuleInterface.swift */; };
		F927B85B24908BA900A43044 /* AddDataManager.swift in Sources */ = {isa = PBXBuildFile; fileRef = F927B82A24908BA800A43044 /* AddDataManager.swift */; };
		F927B85C24908BA900A43044 /* AddInteractor.swift in Sources */ = {isa = PBXBuildFile; fileRef = F927B82C24908BA800A43044 /* AddInteractor.swift */; };
		F927B85D24908BA900A43044 /* AddPresentationTransition.swift in Sources */ = {isa = PBXBuildFile; fileRef = F927B82F24908BA800A43044 /* AddPresentationTransition.swift */; };
		F927B85E24908BA900A43044 /* AddDismissalTransition.swift in Sources */ = {isa = PBXBuildFile; fileRef = F927B83024908BA800A43044 /* AddDismissalTransition.swift */; };
		F927B85F24908BA900A43044 /* AddPresenter.swift in Sources */ = {isa = PBXBuildFile; fileRef = F927B83224908BA800A43044 /* AddPresenter.swift */; };
		F927B86024908BA900A43044 /* AddWireframe.swift in Sources */ = {isa = PBXBuildFile; fileRef = F927B83424908BA800A43044 /* AddWireframe.swift */; };
		F927B86124908BA900A43044 /* AddViewController.swift in Sources */ = {isa = PBXBuildFile; fileRef = F927B83624908BA800A43044 /* AddViewController.swift */; };
		F927B86224908BA900A43044 /* AddViewInterface.swift in Sources */ = {isa = PBXBuildFile; fileRef = F927B83724908BA800A43044 /* AddViewInterface.swift */; };
		F927B86324908BA900A43044 /* ListModuleInterface.swift in Sources */ = {isa = PBXBuildFile; fileRef = F927B83A24908BA800A43044 /* ListModuleInterface.swift */; };
		F927B86424908BA900A43044 /* ListDataManager.swift in Sources */ = {isa = PBXBuildFile; fileRef = F927B83D24908BA800A43044 /* ListDataManager.swift */; };
		F927B86524908BA900A43044 /* ListInteractor.swift in Sources */ = {isa = PBXBuildFile; fileRef = F927B83F24908BA800A43044 /* ListInteractor.swift */; };
		F927B86624908BA900A43044 /* ListInteractorIO.swift in Sources */ = {isa = PBXBuildFile; fileRef = F927B84024908BA800A43044 /* ListInteractorIO.swift */; };
		F927B86724908BA900A43044 /* UpcomingItem.swift in Sources */ = {isa = PBXBuildFile; fileRef = F927B84124908BA800A43044 /* UpcomingItem.swift */; };
		F927B86824908BA900A43044 /* UpcomingDisplayDataCollection.swift in Sources */ = {isa = PBXBuildFile; fileRef = F927B84424908BA900A43044 /* UpcomingDisplayDataCollection.swift */; };
		F927B86924908BA900A43044 /* UpcomingDisplayItem.swift in Sources */ = {isa = PBXBuildFile; fileRef = F927B84524908BA900A43044 /* UpcomingDisplayItem.swift */; };
		F927B86A24908BA900A43044 /* ListPresenter.swift in Sources */ = {isa = PBXBuildFile; fileRef = F927B84624908BA900A43044 /* ListPresenter.swift */; };
		F927B86B24908BA900A43044 /* UpcomingDisplayData.swift in Sources */ = {isa = PBXBuildFile; fileRef = F927B84724908BA900A43044 /* UpcomingDisplayData.swift */; };
		F927B86C24908BA900A43044 /* UpcomingDisplaySection.swift in Sources */ = {isa = PBXBuildFile; fileRef = F927B84824908BA900A43044 /* UpcomingDisplaySection.swift */; };
		F927B86D24908BA900A43044 /* ListWireframe.swift in Sources */ = {isa = PBXBuildFile; fileRef = F927B84A24908BA900A43044 /* ListWireframe.swift */; };
		F927B86E24908BA900A43044 /* ListViewController.swift in Sources */ = {isa = PBXBuildFile; fileRef = F927B84C24908BA900A43044 /* ListViewController.swift */; };
		F927B86F24908BA900A43044 /* ListViewInterface.swift in Sources */ = {isa = PBXBuildFile; fileRef = F927B84D24908BA900A43044 /* ListViewInterface.swift */; };
		F927B87524908C9C00A43044 /* Main.storyboard in Resources */ = {isa = PBXBuildFile; fileRef = F927B87424908C9C00A43044 /* Main.storyboard */; };
		F927B87A24908DBE00A43044 /* RelativeDateTests.swift in Sources */ = {isa = PBXBuildFile; fileRef = F927B87724908DBE00A43044 /* RelativeDateTests.swift */; };
		F927B87B24908DBE00A43044 /* DataTests.swift in Sources */ = {isa = PBXBuildFile; fileRef = F927B87824908DBE00A43044 /* DataTests.swift */; };
		F927B87C24908DBE00A43044 /* TODOSpec.swift in Sources */ = {isa = PBXBuildFile; fileRef = F927B87924908DBE00A43044 /* TODOSpec.swift */; };
		F927B87E24908E1000A43044 /* CalendarTests.swift in Sources */ = {isa = PBXBuildFile; fileRef = F927B87D24908E1000A43044 /* CalendarTests.swift */; };
		F927BB862490D70B00A43044 /* APIClient.swift in Sources */ = {isa = PBXBuildFile; fileRef = F927BB852490D70B00A43044 /* APIClient.swift */; };
		F927BB8B2490D73100A43044 /* LoginViewController.swift in Sources */ = {isa = PBXBuildFile; fileRef = F927BB882490D73100A43044 /* LoginViewController.swift */; };
		F927BB8C2490D73100A43044 /* DetailViewController.swift in Sources */ = {isa = PBXBuildFile; fileRef = F927BB892490D73100A43044 /* DetailViewController.swift */; };
		F927BB942490D77600A43044 /* VIPER_SWIFTUITests.swift in Sources */ = {isa = PBXBuildFile; fileRef = F927BB932490D77600A43044 /* VIPER_SWIFTUITests.swift */; };
/* End PBXBuildFile section */

/* Begin PBXContainerItemProxy section */
		F927B80124908AC100A43044 /* PBXContainerItemProxy */ = {
			isa = PBXContainerItemProxy;
			containerPortal = F927B7E224908ABF00A43044 /* Project object */;
			proxyType = 1;
			remoteGlobalIDString = F927B7E924908ABF00A43044;
			remoteInfo = "VIPER-SWIFT";
		};
		F927BB962490D77600A43044 /* PBXContainerItemProxy */ = {
			isa = PBXContainerItemProxy;
			containerPortal = F927B7E224908ABF00A43044 /* Project object */;
			proxyType = 1;
			remoteGlobalIDString = F927B7E924908ABF00A43044;
			remoteInfo = "VIPER-SWIFT";
		};
/* End PBXContainerItemProxy section */

/* Begin PBXFileReference section */
		25A4AB722CDD9C88DF19820D /* Pods_VIPER_SWIFTTests.framework */ = {isa = PBXFileReference; explicitFileType = wrapper.framework; includeInIndex = 0; path = Pods_VIPER_SWIFTTests.framework; sourceTree = BUILT_PRODUCTS_DIR; };
		72E1E0B3F78514F2D6E300FA /* Pods-VIPER-SWIFTTests.debug.xcconfig */ = {isa = PBXFileReference; includeInIndex = 1; lastKnownFileType = text.xcconfig; name = "Pods-VIPER-SWIFTTests.debug.xcconfig"; path = "../../Pods/Target Support Files/Pods-VIPER-SWIFTTests/Pods-VIPER-SWIFTTests.debug.xcconfig"; sourceTree = "<group>"; };
		81CC0197EE66A361AE493CCA /* Pods-VIPER-SWIFT.debug.xcconfig */ = {isa = PBXFileReference; includeInIndex = 1; lastKnownFileType = text.xcconfig; name = "Pods-VIPER-SWIFT.debug.xcconfig"; path = "../../Pods/Target Support Files/Pods-VIPER-SWIFT/Pods-VIPER-SWIFT.debug.xcconfig"; sourceTree = "<group>"; };
		98E6BF034926EF88DE24F756 /* Pods-VIPER-SWIFTTests.release.xcconfig */ = {isa = PBXFileReference; includeInIndex = 1; lastKnownFileType = text.xcconfig; name = "Pods-VIPER-SWIFTTests.release.xcconfig"; path = "../../Pods/Target Support Files/Pods-VIPER-SWIFTTests/Pods-VIPER-SWIFTTests.release.xcconfig"; sourceTree = "<group>"; };
		994AD4D43EECE6C838113819 /* Pods_VIPER_SWIFT.framework */ = {isa = PBXFileReference; explicitFileType = wrapper.framework; includeInIndex = 0; path = Pods_VIPER_SWIFT.framework; sourceTree = BUILT_PRODUCTS_DIR; };
		D0C3C17BEEEA2A61A21EBD45 /* Pods-VIPER-SWIFT.release.xcconfig */ = {isa = PBXFileReference; includeInIndex = 1; lastKnownFileType = text.xcconfig; name = "Pods-VIPER-SWIFT.release.xcconfig"; path = "../../Pods/Target Support Files/Pods-VIPER-SWIFT/Pods-VIPER-SWIFT.release.xcconfig"; sourceTree = "<group>"; };
		F927B7EA24908ABF00A43044 /* VIPER-SWIFT.app */ = {isa = PBXFileReference; explicitFileType = wrapper.application; includeInIndex = 0; path = "VIPER-SWIFT.app"; sourceTree = BUILT_PRODUCTS_DIR; };
		F927B7EF24908ABF00A43044 /* SceneDelegate.swift */ = {isa = PBXFileReference; lastKnownFileType = sourcecode.swift; path = SceneDelegate.swift; sourceTree = "<group>"; };
		F927B7F624908AC000A43044 /* Assets.xcassets */ = {isa = PBXFileReference; lastKnownFileType = folder.assetcatalog; path = Assets.xcassets; sourceTree = "<group>"; };
		F927B7F924908AC000A43044 /* Base */ = {isa = PBXFileReference; lastKnownFileType = file.storyboard; name = Base; path = Base.lproj/LaunchScreen.storyboard; sourceTree = "<group>"; };
		F927B7FB24908AC000A43044 /* Info.plist */ = {isa = PBXFileReference; lastKnownFileType = text.plist.xml; path = Info.plist; sourceTree = "<group>"; };
		F927B80024908AC100A43044 /* VIPER-SWIFTTests.xctest */ = {isa = PBXFileReference; explicitFileType = wrapper.cfbundle; includeInIndex = 0; path = "VIPER-SWIFTTests.xctest"; sourceTree = BUILT_PRODUCTS_DIR; };
		F927B80424908AC100A43044 /* VIPER_SWIFTTests.swift */ = {isa = PBXFileReference; lastKnownFileType = sourcecode.swift; path = VIPER_SWIFTTests.swift; sourceTree = "<group>"; };
		F927B80624908AC100A43044 /* Info.plist */ = {isa = PBXFileReference; lastKnownFileType = text.plist.xml; path = Info.plist; sourceTree = "<group>"; };
		F927B81224908BA800A43044 /* TodoItem.swift */ = {isa = PBXFileReference; fileEncoding = 4; lastKnownFileType = sourcecode.swift; path = TodoItem.swift; sourceTree = "<group>"; };
		F927B81324908BA800A43044 /* NearTermDateRelation.swift */ = {isa = PBXFileReference; fileEncoding = 4; lastKnownFileType = sourcecode.swift; path = NearTermDateRelation.swift; sourceTree = "<group>"; };
		F927B81524908BA800A43044 /* RootWireframe.swift */ = {isa = PBXFileReference; fileEncoding = 4; lastKnownFileType = sourcecode.swift; path = RootWireframe.swift; sourceTree = "<group>"; };
		F927B81724908BA800A43044 /* NSCalendar+CalendarAdditions.swift */ = {isa = PBXFileReference; fileEncoding = 4; lastKnownFileType = sourcecode.swift; path = "NSCalendar+CalendarAdditions.swift"; sourceTree = "<group>"; };
		F927B81924908BA800A43044 /* Clock.swift */ = {isa = PBXFileReference; fileEncoding = 4; lastKnownFileType = sourcecode.swift; path = Clock.swift; sourceTree = "<group>"; };
		F927B81A24908BA800A43044 /* DeviceClock.swift */ = {isa = PBXFileReference; fileEncoding = 4; lastKnownFileType = sourcecode.swift; path = DeviceClock.swift; sourceTree = "<group>"; };
		F927B81C24908BA800A43044 /* CoreDataStore.swift */ = {isa = PBXFileReference; fileEncoding = 4; lastKnownFileType = sourcecode.swift; path = CoreDataStore.swift; sourceTree = "<group>"; };
		F927B81E24908BA800A43044 /* TODO.xcdatamodel */ = {isa = PBXFileReference; lastKnownFileType = wrapper.xcdatamodel; path = TODO.xcdatamodel; sourceTree = "<group>"; };
		F927B82024908BA800A43044 /* ManagedTodoItem.swift */ = {isa = PBXFileReference; fileEncoding = 4; lastKnownFileType = sourcecode.swift; path = ManagedTodoItem.swift; sourceTree = "<group>"; };
		F927B82124908BA800A43044 /* AppDependencies.swift */ = {isa = PBXFileReference; fileEncoding = 4; lastKnownFileType = sourcecode.swift; path = AppDependencies.swift; sourceTree = "<group>"; };
		F927B82224908BA800A43044 /* AppDelegate.swift */ = {isa = PBXFileReference; fileEncoding = 4; lastKnownFileType = sourcecode.swift; path = AppDelegate.swift; sourceTree = "<group>"; };
		F927B82624908BA800A43044 /* AddModuleInterface.swift */ = {isa = PBXFileReference; fileEncoding = 4; lastKnownFileType = sourcecode.swift; path = AddModuleInterface.swift; sourceTree = "<group>"; };
		F927B82A24908BA800A43044 /* AddDataManager.swift */ = {isa = PBXFileReference; fileEncoding = 4; lastKnownFileType = sourcecode.swift; path = AddDataManager.swift; sourceTree = "<group>"; };
		F927B82C24908BA800A43044 /* AddInteractor.swift */ = {isa = PBXFileReference; fileEncoding = 4; lastKnownFileType = sourcecode.swift; path = AddInteractor.swift; sourceTree = "<group>"; };
		F927B82F24908BA800A43044 /* AddPresentationTransition.swift */ = {isa = PBXFileReference; fileEncoding = 4; lastKnownFileType = sourcecode.swift; path = AddPresentationTransition.swift; sourceTree = "<group>"; };
		F927B83024908BA800A43044 /* AddDismissalTransition.swift */ = {isa = PBXFileReference; fileEncoding = 4; lastKnownFileType = sourcecode.swift; path = AddDismissalTransition.swift; sourceTree = "<group>"; };
		F927B83224908BA800A43044 /* AddPresenter.swift */ = {isa = PBXFileReference; fileEncoding = 4; lastKnownFileType = sourcecode.swift; path = AddPresenter.swift; sourceTree = "<group>"; };
		F927B83424908BA800A43044 /* AddWireframe.swift */ = {isa = PBXFileReference; fileEncoding = 4; lastKnownFileType = sourcecode.swift; path = AddWireframe.swift; sourceTree = "<group>"; };
		F927B83624908BA800A43044 /* AddViewController.swift */ = {isa = PBXFileReference; fileEncoding = 4; lastKnownFileType = sourcecode.swift; path = AddViewController.swift; sourceTree = "<group>"; };
		F927B83724908BA800A43044 /* AddViewInterface.swift */ = {isa = PBXFileReference; fileEncoding = 4; lastKnownFileType = sourcecode.swift; path = AddViewInterface.swift; sourceTree = "<group>"; };
		F927B83A24908BA800A43044 /* ListModuleInterface.swift */ = {isa = PBXFileReference; fileEncoding = 4; lastKnownFileType = sourcecode.swift; path = ListModuleInterface.swift; sourceTree = "<group>"; };
		F927B83D24908BA800A43044 /* ListDataManager.swift */ = {isa = PBXFileReference; fileEncoding = 4; lastKnownFileType = sourcecode.swift; path = ListDataManager.swift; sourceTree = "<group>"; };
		F927B83F24908BA800A43044 /* ListInteractor.swift */ = {isa = PBXFileReference; fileEncoding = 4; lastKnownFileType = sourcecode.swift; path = ListInteractor.swift; sourceTree = "<group>"; };
		F927B84024908BA800A43044 /* ListInteractorIO.swift */ = {isa = PBXFileReference; fileEncoding = 4; lastKnownFileType = sourcecode.swift; path = ListInteractorIO.swift; sourceTree = "<group>"; };
		F927B84124908BA800A43044 /* UpcomingItem.swift */ = {isa = PBXFileReference; fileEncoding = 4; lastKnownFileType = sourcecode.swift; path = UpcomingItem.swift; sourceTree = "<group>"; };
		F927B84424908BA900A43044 /* UpcomingDisplayDataCollection.swift */ = {isa = PBXFileReference; fileEncoding = 4; lastKnownFileType = sourcecode.swift; path = UpcomingDisplayDataCollection.swift; sourceTree = "<group>"; };
		F927B84524908BA900A43044 /* UpcomingDisplayItem.swift */ = {isa = PBXFileReference; fileEncoding = 4; lastKnownFileType = sourcecode.swift; path = UpcomingDisplayItem.swift; sourceTree = "<group>"; };
		F927B84624908BA900A43044 /* ListPresenter.swift */ = {isa = PBXFileReference; fileEncoding = 4; lastKnownFileType = sourcecode.swift; path = ListPresenter.swift; sourceTree = "<group>"; };
		F927B84724908BA900A43044 /* UpcomingDisplayData.swift */ = {isa = PBXFileReference; fileEncoding = 4; lastKnownFileType = sourcecode.swift; path = UpcomingDisplayData.swift; sourceTree = "<group>"; };
		F927B84824908BA900A43044 /* UpcomingDisplaySection.swift */ = {isa = PBXFileReference; fileEncoding = 4; lastKnownFileType = sourcecode.swift; path = UpcomingDisplaySection.swift; sourceTree = "<group>"; };
		F927B84A24908BA900A43044 /* ListWireframe.swift */ = {isa = PBXFileReference; fileEncoding = 4; lastKnownFileType = sourcecode.swift; path = ListWireframe.swift; sourceTree = "<group>"; };
		F927B84C24908BA900A43044 /* ListViewController.swift */ = {isa = PBXFileReference; fileEncoding = 4; lastKnownFileType = sourcecode.swift; path = ListViewController.swift; sourceTree = "<group>"; };
		F927B84D24908BA900A43044 /* ListViewInterface.swift */ = {isa = PBXFileReference; fileEncoding = 4; lastKnownFileType = sourcecode.swift; path = ListViewInterface.swift; sourceTree = "<group>"; };
		F927B87424908C9C00A43044 /* Main.storyboard */ = {isa = PBXFileReference; fileEncoding = 4; lastKnownFileType = file.storyboard; path = Main.storyboard; sourceTree = "<group>"; };
		F927B87724908DBE00A43044 /* RelativeDateTests.swift */ = {isa = PBXFileReference; fileEncoding = 4; lastKnownFileType = sourcecode.swift; path = RelativeDateTests.swift; sourceTree = "<group>"; };
		F927B87824908DBE00A43044 /* DataTests.swift */ = {isa = PBXFileReference; fileEncoding = 4; lastKnownFileType = sourcecode.swift; path = DataTests.swift; sourceTree = "<group>"; };
		F927B87924908DBE00A43044 /* TODOSpec.swift */ = {isa = PBXFileReference; fileEncoding = 4; lastKnownFileType = sourcecode.swift; path = TODOSpec.swift; sourceTree = "<group>"; };
		F927B87D24908E1000A43044 /* CalendarTests.swift */ = {isa = PBXFileReference; fileEncoding = 4; lastKnownFileType = sourcecode.swift; path = CalendarTests.swift; sourceTree = "<group>"; };
		F927B88024908EAA00A43044 /* README.md */ = {isa = PBXFileReference; lastKnownFileType = net.daringfireball.markdown; path = README.md; sourceTree = "<group>"; };
		F927B88124908EAA00A43044 /* VIPER.jazzy.yaml */ = {isa = PBXFileReference; lastKnownFileType = text.yaml; path = VIPER.jazzy.yaml; sourceTree = "<group>"; };
		F927BB852490D70B00A43044 /* APIClient.swift */ = {isa = PBXFileReference; fileEncoding = 4; lastKnownFileType = sourcecode.swift; path = APIClient.swift; sourceTree = "<group>"; };
		F927BB882490D73100A43044 /* LoginViewController.swift */ = {isa = PBXFileReference; fileEncoding = 4; lastKnownFileType = sourcecode.swift; path = LoginViewController.swift; sourceTree = "<group>"; };
		F927BB892490D73100A43044 /* DetailViewController.swift */ = {isa = PBXFileReference; fileEncoding = 4; lastKnownFileType = sourcecode.swift; path = DetailViewController.swift; sourceTree = "<group>"; };
		F927BB912490D77500A43044 /* VIPER-SWIFTUITests.xctest */ = {isa = PBXFileReference; explicitFileType = wrapper.cfbundle; includeInIndex = 0; path = "VIPER-SWIFTUITests.xctest"; sourceTree = BUILT_PRODUCTS_DIR; };
		F927BB932490D77600A43044 /* VIPER_SWIFTUITests.swift */ = {isa = PBXFileReference; lastKnownFileType = sourcecode.swift; path = VIPER_SWIFTUITests.swift; sourceTree = "<group>"; };
		F927BB952490D77600A43044 /* Info.plist */ = {isa = PBXFileReference; lastKnownFileType = text.plist.xml; path = Info.plist; sourceTree = "<group>"; };
		F927BBAB2492230D00A43044 /* README.md */ = {isa = PBXFileReference; lastKnownFileType = net.daringfireball.markdown; path = README.md; sourceTree = "<group>"; };
/* End PBXFileReference section */

/* Begin PBXFrameworksBuildPhase section */
		F927B7E724908ABF00A43044 /* Frameworks */ = {
			isa = PBXFrameworksBuildPhase;
			buildActionMask = 2147483647;
			files = (
				B1701792CA62FF027196BC86 /* Pods_VIPER_SWIFT.framework in Frameworks */,
			);
			runOnlyForDeploymentPostprocessing = 0;
		};
		F927B7FD24908AC100A43044 /* Frameworks */ = {
			isa = PBXFrameworksBuildPhase;
			buildActionMask = 2147483647;
			files = (
				0421A056C029F07EF0D6A415 /* Pods_VIPER_SWIFTTests.framework in Frameworks */,
			);
			runOnlyForDeploymentPostprocessing = 0;
		};
		F927BB8E2490D77500A43044 /* Frameworks */ = {
			isa = PBXFrameworksBuildPhase;
			buildActionMask = 2147483647;
			files = (
			);
			runOnlyForDeploymentPostprocessing = 0;
		};
/* End PBXFrameworksBuildPhase section */

/* Begin PBXGroup section */
		82F882762EA4D737E117658D /* Frameworks */ = {
			isa = PBXGroup;
			children = (
				994AD4D43EECE6C838113819 /* Pods_VIPER_SWIFT.framework */,
				25A4AB722CDD9C88DF19820D /* Pods_VIPER_SWIFTTests.framework */,
			);
			name = Frameworks;
			sourceTree = "<group>";
		};
		9E3A14BF7B45B0079744A9D3 /* Pods */ = {
			isa = PBXGroup;
			children = (
				81CC0197EE66A361AE493CCA /* Pods-VIPER-SWIFT.debug.xcconfig */,
				D0C3C17BEEEA2A61A21EBD45 /* Pods-VIPER-SWIFT.release.xcconfig */,
				72E1E0B3F78514F2D6E300FA /* Pods-VIPER-SWIFTTests.debug.xcconfig */,
				98E6BF034926EF88DE24F756 /* Pods-VIPER-SWIFTTests.release.xcconfig */,
			);
			path = Pods;
			sourceTree = "<group>";
		};
		F927B7E124908ABF00A43044 = {
			isa = PBXGroup;
			children = (
				F927B88024908EAA00A43044 /* README.md */,
				F927B88124908EAA00A43044 /* VIPER.jazzy.yaml */,
				F927B7EC24908ABF00A43044 /* VIPER-SWIFT */,
				F927B80324908AC100A43044 /* VIPER-SWIFTTests */,
				F927BB922490D77600A43044 /* VIPER-SWIFTUITests */,
				F927B7EB24908ABF00A43044 /* Products */,
				9E3A14BF7B45B0079744A9D3 /* Pods */,
				82F882762EA4D737E117658D /* Frameworks */,
			);
			sourceTree = "<group>";
		};
		F927B7EB24908ABF00A43044 /* Products */ = {
			isa = PBXGroup;
			children = (
				F927B7EA24908ABF00A43044 /* VIPER-SWIFT.app */,
				F927B80024908AC100A43044 /* VIPER-SWIFTTests.xctest */,
				F927BB912490D77500A43044 /* VIPER-SWIFTUITests.xctest */,
			);
			name = Products;
			sourceTree = "<group>";
		};
		F927B7EC24908ABF00A43044 /* VIPER-SWIFT */ = {
			isa = PBXGroup;
			children = (
				F927B80F24908BA800A43044 /* Classes */,
				F927B87624908D3100A43044 /* Resources */,
				F927B7FB24908AC000A43044 /* Info.plist */,
			);
			path = "VIPER-SWIFT";
			sourceTree = "<group>";
		};
		F927B80324908AC100A43044 /* VIPER-SWIFTTests */ = {
			isa = PBXGroup;
			children = (
				F927B87F24908E7900A43044 /* Quick */,
				F927B80424908AC100A43044 /* VIPER_SWIFTTests.swift */,
				F927B87D24908E1000A43044 /* CalendarTests.swift */,
				F927B87824908DBE00A43044 /* DataTests.swift */,
				F927B87724908DBE00A43044 /* RelativeDateTests.swift */,
				F927B80624908AC100A43044 /* Info.plist */,
			);
			path = "VIPER-SWIFTTests";
			sourceTree = "<group>";
		};
		F927B80F24908BA800A43044 /* Classes */ = {
			isa = PBXGroup;
			children = (
				F927B81024908BA800A43044 /* Common */,
				F927B82324908BA800A43044 /* Modules */,
				F927B82224908BA800A43044 /* AppDelegate.swift */,
				F927B7EF24908ABF00A43044 /* SceneDelegate.swift */,
				F927B82124908BA800A43044 /* AppDependencies.swift */,
			);
			path = Classes;
			sourceTree = "<group>";
		};
		F927B81024908BA800A43044 /* Common */ = {
			isa = PBXGroup;
			children = (
				F927B81124908BA800A43044 /* Model */,
				F927B81424908BA800A43044 /* View */,
				F927B81624908BA800A43044 /* Categories */,
				F927B81824908BA800A43044 /* Clock */,
				F927B81B24908BA800A43044 /* Store */,
				F9A53E792493131900874D43 /* Server */,
			);
			path = Common;
			sourceTree = "<group>";
		};
		F927B81124908BA800A43044 /* Model */ = {
			isa = PBXGroup;
			children = (
				F927B81224908BA800A43044 /* TodoItem.swift */,
				F927B81324908BA800A43044 /* NearTermDateRelation.swift */,
			);
			path = Model;
			sourceTree = "<group>";
		};
		F927B81424908BA800A43044 /* View */ = {
			isa = PBXGroup;
			children = (
				F927B81524908BA800A43044 /* RootWireframe.swift */,
			);
			path = View;
			sourceTree = "<group>";
		};
		F927B81624908BA800A43044 /* Categories */ = {
			isa = PBXGroup;
			children = (
				F927B81724908BA800A43044 /* NSCalendar+CalendarAdditions.swift */,
			);
			path = Categories;
			sourceTree = "<group>";
		};
		F927B81824908BA800A43044 /* Clock */ = {
			isa = PBXGroup;
			children = (
				F927B81924908BA800A43044 /* Clock.swift */,
				F927B81A24908BA800A43044 /* DeviceClock.swift */,
			);
			path = Clock;
			sourceTree = "<group>";
		};
		F927B81B24908BA800A43044 /* Store */ = {
			isa = PBXGroup;
			children = (
				F927B81C24908BA800A43044 /* CoreDataStore.swift */,
				F927B81D24908BA800A43044 /* TODO.xcdatamodeld */,
				F927B81F24908BA800A43044 /* Entities */,
			);
			path = Store;
			sourceTree = "<group>";
		};
		F927B81F24908BA800A43044 /* Entities */ = {
			isa = PBXGroup;
			children = (
				F927B82024908BA800A43044 /* ManagedTodoItem.swift */,
			);
			path = Entities;
			sourceTree = "<group>";
		};
		F927B82324908BA800A43044 /* Modules */ = {
			isa = PBXGroup;
			children = (
				F927BB7A2490D65800A43044 /* Login */,
				F927B82424908BA800A43044 /* Add */,
				F927B83824908BA800A43044 /* List */,
			);
			path = Modules;
			sourceTree = "<group>";
		};
		F927B82424908BA800A43044 /* Add */ = {
			isa = PBXGroup;
			children = (
				F927B82524908BA800A43044 /* Module Interface */,
				F927B82824908BA800A43044 /* Application Logic */,
				F927B82D24908BA800A43044 /* User Interface */,
			);
			path = Add;
			sourceTree = "<group>";
		};
		F927B82524908BA800A43044 /* Module Interface */ = {
			isa = PBXGroup;
			children = (
				F927BBAB2492230D00A43044 /* README.md */,
				F927B82624908BA800A43044 /* AddModuleInterface.swift */,
			);
			path = "Module Interface";
			sourceTree = "<group>";
		};
		F927B82824908BA800A43044 /* Application Logic */ = {
			isa = PBXGroup;
			children = (
				F927B82924908BA800A43044 /* Manager */,
				F927B82B24908BA800A43044 /* Interactor */,
			);
			path = "Application Logic";
			sourceTree = "<group>";
		};
		F927B82924908BA800A43044 /* Manager */ = {
			isa = PBXGroup;
			children = (
				F927B82A24908BA800A43044 /* AddDataManager.swift */,
			);
			path = Manager;
			sourceTree = "<group>";
		};
		F927B82B24908BA800A43044 /* Interactor */ = {
			isa = PBXGroup;
			children = (
				F927B82C24908BA800A43044 /* AddInteractor.swift */,
			);
			path = Interactor;
			sourceTree = "<group>";
		};
		F927B82D24908BA800A43044 /* User Interface */ = {
			isa = PBXGroup;
			children = (
				F927B82E24908BA800A43044 /* Transition */,
				F927B83124908BA800A43044 /* Presenter */,
				F927B83324908BA800A43044 /* Wireframe */,
				F927B83524908BA800A43044 /* View */,
			);
			path = "User Interface";
			sourceTree = "<group>";
		};
		F927B82E24908BA800A43044 /* Transition */ = {
			isa = PBXGroup;
			children = (
				F927B82F24908BA800A43044 /* AddPresentationTransition.swift */,
				F927B83024908BA800A43044 /* AddDismissalTransition.swift */,
			);
			path = Transition;
			sourceTree = "<group>";
		};
		F927B83124908BA800A43044 /* Presenter */ = {
			isa = PBXGroup;
			children = (
				F927B83224908BA800A43044 /* AddPresenter.swift */,
			);
			path = Presenter;
			sourceTree = "<group>";
		};
		F927B83324908BA800A43044 /* Wireframe */ = {
			isa = PBXGroup;
			children = (
				F927B83424908BA800A43044 /* AddWireframe.swift */,
			);
			path = Wireframe;
			sourceTree = "<group>";
		};
		F927B83524908BA800A43044 /* View */ = {
			isa = PBXGroup;
			children = (
				F927B83624908BA800A43044 /* AddViewController.swift */,
				F927B83724908BA800A43044 /* AddViewInterface.swift */,
			);
			path = View;
			sourceTree = "<group>";
		};
		F927B83824908BA800A43044 /* List */ = {
			isa = PBXGroup;
			children = (
				F927B83924908BA800A43044 /* Module Interface */,
				F927B83B24908BA800A43044 /* Application Logic */,
				F927B84224908BA800A43044 /* User Interface */,
			);
			path = List;
			sourceTree = "<group>";
		};
		F927B83924908BA800A43044 /* Module Interface */ = {
			isa = PBXGroup;
			children = (
				F927B83A24908BA800A43044 /* ListModuleInterface.swift */,
			);
			path = "Module Interface";
			sourceTree = "<group>";
		};
		F927B83B24908BA800A43044 /* Application Logic */ = {
			isa = PBXGroup;
			children = (
				F927B83C24908BA800A43044 /* Manager */,
				F927B83E24908BA800A43044 /* Interactor */,
			);
			path = "Application Logic";
			sourceTree = "<group>";
		};
		F927B83C24908BA800A43044 /* Manager */ = {
			isa = PBXGroup;
			children = (
				F927B83D24908BA800A43044 /* ListDataManager.swift */,
			);
			path = Manager;
			sourceTree = "<group>";
		};
		F927B83E24908BA800A43044 /* Interactor */ = {
			isa = PBXGroup;
			children = (
				F927B83F24908BA800A43044 /* ListInteractor.swift */,
				F927B84024908BA800A43044 /* ListInteractorIO.swift */,
				F927B84124908BA800A43044 /* UpcomingItem.swift */,
			);
			path = Interactor;
			sourceTree = "<group>";
		};
		F927B84224908BA800A43044 /* User Interface */ = {
			isa = PBXGroup;
			children = (
				F927B84324908BA900A43044 /* Presenter */,
				F927B84924908BA900A43044 /* Wireframe */,
				F927B84B24908BA900A43044 /* View */,
			);
			path = "User Interface";
			sourceTree = "<group>";
		};
		F927B84324908BA900A43044 /* Presenter */ = {
			isa = PBXGroup;
			children = (
				F927B84424908BA900A43044 /* UpcomingDisplayDataCollection.swift */,
				F927B84524908BA900A43044 /* UpcomingDisplayItem.swift */,
				F927B84624908BA900A43044 /* ListPresenter.swift */,
				F927B84724908BA900A43044 /* UpcomingDisplayData.swift */,
				F927B84824908BA900A43044 /* UpcomingDisplaySection.swift */,
			);
			path = Presenter;
			sourceTree = "<group>";
		};
		F927B84924908BA900A43044 /* Wireframe */ = {
			isa = PBXGroup;
			children = (
				F927B84A24908BA900A43044 /* ListWireframe.swift */,
			);
			path = Wireframe;
			sourceTree = "<group>";
		};
		F927B84B24908BA900A43044 /* View */ = {
			isa = PBXGroup;
			children = (
				F927B84C24908BA900A43044 /* ListViewController.swift */,
				F927B84D24908BA900A43044 /* ListViewInterface.swift */,
			);
			path = View;
			sourceTree = "<group>";
		};
		F927B87624908D3100A43044 /* Resources */ = {
			isa = PBXGroup;
			children = (
				F927B7F624908AC000A43044 /* Assets.xcassets */,
				F927B87424908C9C00A43044 /* Main.storyboard */,
				F927B7F824908AC000A43044 /* LaunchScreen.storyboard */,
			);
			path = Resources;
			sourceTree = "<group>";
		};
		F927B87F24908E7900A43044 /* Quick */ = {
			isa = PBXGroup;
			children = (
				F927B87924908DBE00A43044 /* TODOSpec.swift */,
			);
			path = Quick;
			sourceTree = "<group>";
		};
		F927BB7A2490D65800A43044 /* Login */ = {
			isa = PBXGroup;
			children = (
				F927BB882490D73100A43044 /* LoginViewController.swift */,
				F927BB892490D73100A43044 /* DetailViewController.swift */,
				F927BB802490D6BD00A43044 /* AppLogic */,
				F927BB842490D6BD00A43044 /* ModuleInterface */,
				F927BB7B2490D6BD00A43044 /* UserInterface */,
			);
			path = Login;
			sourceTree = "<group>";
		};
		F927BB7B2490D6BD00A43044 /* UserInterface */ = {
			isa = PBXGroup;
			children = (
				F927BB7C2490D6BD00A43044 /* Transition */,
				F927BB7D2490D6BD00A43044 /* Presenter */,
				F927BB7E2490D6BD00A43044 /* Wireframe */,
				F927BB7F2490D6BD00A43044 /* Views */,
			);
			path = UserInterface;
			sourceTree = "<group>";
		};
		F927BB7C2490D6BD00A43044 /* Transition */ = {
			isa = PBXGroup;
			children = (
			);
			path = Transition;
			sourceTree = "<group>";
		};
		F927BB7D2490D6BD00A43044 /* Presenter */ = {
			isa = PBXGroup;
			children = (
			);
			path = Presenter;
			sourceTree = "<group>";
		};
		F927BB7E2490D6BD00A43044 /* Wireframe */ = {
			isa = PBXGroup;
			children = (
			);
			path = Wireframe;
			sourceTree = "<group>";
		};
		F927BB7F2490D6BD00A43044 /* Views */ = {
			isa = PBXGroup;
			children = (
			);
			path = Views;
			sourceTree = "<group>";
		};
		F927BB802490D6BD00A43044 /* AppLogic */ = {
			isa = PBXGroup;
			children = (
				F927BB812490D6BD00A43044 /* Manager */,
				F927BB822490D6BD00A43044 /* Model */,
				F927BB832490D6BD00A43044 /* Interactor */,
			);
			path = AppLogic;
			sourceTree = "<group>";
		};
		F927BB812490D6BD00A43044 /* Manager */ = {
			isa = PBXGroup;
			children = (
			);
			path = Manager;
			sourceTree = "<group>";
		};
		F927BB822490D6BD00A43044 /* Model */ = {
			isa = PBXGroup;
			children = (
			);
			path = Model;
			sourceTree = "<group>";
		};
		F927BB832490D6BD00A43044 /* Interactor */ = {
			isa = PBXGroup;
			children = (
			);
			path = Interactor;
			sourceTree = "<group>";
		};
		F927BB842490D6BD00A43044 /* ModuleInterface */ = {
			isa = PBXGroup;
			children = (
			);
			path = ModuleInterface;
			sourceTree = "<group>";
		};
		F927BB922490D77600A43044 /* VIPER-SWIFTUITests */ = {
			isa = PBXGroup;
			children = (
				F927BB932490D77600A43044 /* VIPER_SWIFTUITests.swift */,
				F927BB952490D77600A43044 /* Info.plist */,
			);
			path = "VIPER-SWIFTUITests";
			sourceTree = "<group>";
		};
		F9A53E792493131900874D43 /* Server */ = {
			isa = PBXGroup;
			children = (
				F927BB852490D70B00A43044 /* APIClient.swift */,
			);
			path = Server;
			sourceTree = "<group>";
		};
/* End PBXGroup section */

/* Begin PBXNativeTarget section */
		F927B7E924908ABF00A43044 /* VIPER-SWIFT */ = {
			isa = PBXNativeTarget;
			buildConfigurationList = F927B80924908AC100A43044 /* Build configuration list for PBXNativeTarget "VIPER-SWIFT" */;
			buildPhases = (
				0964578B15EAF4F04486F6E3 /* [CP] Check Pods Manifest.lock */,
				F927B7E624908ABF00A43044 /* Sources */,
				F927B7E724908ABF00A43044 /* Frameworks */,
				F927B7E824908ABF00A43044 /* Resources */,
				0913438EF8D0CC0204F2E965 /* [CP] Embed Pods Frameworks */,
			);
			buildRules = (
			);
			dependencies = (
			);
			name = "VIPER-SWIFT";
			productName = "VIPER-SWIFT";
			productReference = F927B7EA24908ABF00A43044 /* VIPER-SWIFT.app */;
			productType = "com.apple.product-type.application";
		};
		F927B7FF24908AC100A43044 /* VIPER-SWIFTTests */ = {
			isa = PBXNativeTarget;
			buildConfigurationList = F927B80C24908AC100A43044 /* Build configuration list for PBXNativeTarget "VIPER-SWIFTTests" */;
			buildPhases = (
				6E19BC23CA5897477118F500 /* [CP] Check Pods Manifest.lock */,
				F927B7FC24908AC100A43044 /* Sources */,
				F927B7FD24908AC100A43044 /* Frameworks */,
				F927B7FE24908AC100A43044 /* Resources */,
				44EB5357D1328A19B15F6241 /* [CP] Embed Pods Frameworks */,
			);
			buildRules = (
			);
			dependencies = (
				F927B80224908AC100A43044 /* PBXTargetDependency */,
			);
			name = "VIPER-SWIFTTests";
			productName = "VIPER-SWIFTTests";
			productReference = F927B80024908AC100A43044 /* VIPER-SWIFTTests.xctest */;
			productType = "com.apple.product-type.bundle.unit-test";
		};
		F927BB902490D77500A43044 /* VIPER-SWIFTUITests */ = {
			isa = PBXNativeTarget;
			buildConfigurationList = F927BB982490D77600A43044 /* Build configuration list for PBXNativeTarget "VIPER-SWIFTUITests" */;
			buildPhases = (
				F927BB8D2490D77500A43044 /* Sources */,
				F927BB8E2490D77500A43044 /* Frameworks */,
				F927BB8F2490D77500A43044 /* Resources */,
			);
			buildRules = (
			);
			dependencies = (
				F927BB972490D77600A43044 /* PBXTargetDependency */,
			);
			name = "VIPER-SWIFTUITests";
			productName = "VIPER-SWIFTUITests";
			productReference = F927BB912490D77500A43044 /* VIPER-SWIFTUITests.xctest */;
			productType = "com.apple.product-type.bundle.ui-testing";
		};
/* End PBXNativeTarget section */

/* Begin PBXProject section */
		F927B7E224908ABF00A43044 /* Project object */ = {
			isa = PBXProject;
			attributes = {
				LastSwiftUpdateCheck = 1150;
				LastUpgradeCheck = 1150;
				ORGANIZATIONNAME = iTBoyer;
				TargetAttributes = {
					F927B7E924908ABF00A43044 = {
						CreatedOnToolsVersion = 11.5;
					};
					F927B7FF24908AC100A43044 = {
						CreatedOnToolsVersion = 11.5;
						TestTargetID = F927B7E924908ABF00A43044;
					};
					F927BB902490D77500A43044 = {
						CreatedOnToolsVersion = 11.5;
						TestTargetID = F927B7E924908ABF00A43044;
					};
				};
			};
			buildConfigurationList = F927B7E524908ABF00A43044 /* Build configuration list for PBXProject "VIPER-SWIFT" */;
			compatibilityVersion = "Xcode 9.3";
			developmentRegion = en;
			hasScannedForEncodings = 0;
			knownRegions = (
				en,
				Base,
			);
			mainGroup = F927B7E124908ABF00A43044;
			productRefGroup = F927B7EB24908ABF00A43044 /* Products */;
			projectDirPath = "";
			projectRoot = "";
			targets = (
				F927B7E924908ABF00A43044 /* VIPER-SWIFT */,
				F927B7FF24908AC100A43044 /* VIPER-SWIFTTests */,
				F927BB902490D77500A43044 /* VIPER-SWIFTUITests */,
			);
		};
/* End PBXProject section */

/* Begin PBXResourcesBuildPhase section */
		F927B7E824908ABF00A43044 /* Resources */ = {
			isa = PBXResourcesBuildPhase;
			buildActionMask = 2147483647;
			files = (
				F927B87524908C9C00A43044 /* Main.storyboard in Resources */,
				F927B7FA24908AC000A43044 /* LaunchScreen.storyboard in Resources */,
				F927B7F724908AC000A43044 /* Assets.xcassets in Resources */,
			);
			runOnlyForDeploymentPostprocessing = 0;
		};
		F927B7FE24908AC100A43044 /* Resources */ = {
			isa = PBXResourcesBuildPhase;
			buildActionMask = 2147483647;
			files = (
			);
			runOnlyForDeploymentPostprocessing = 0;
		};
		F927BB8F2490D77500A43044 /* Resources */ = {
			isa = PBXResourcesBuildPhase;
			buildActionMask = 2147483647;
			files = (
			);
			runOnlyForDeploymentPostprocessing = 0;
		};
/* End PBXResourcesBuildPhase section */

/* Begin PBXShellScriptBuildPhase section */
		0913438EF8D0CC0204F2E965 /* [CP] Embed Pods Frameworks */ = {
			isa = PBXShellScriptBuildPhase;
			buildActionMask = 2147483647;
			files = (
			);
			inputFileListPaths = (
				"${PODS_ROOT}/Target Support Files/Pods-VIPER-SWIFT/Pods-VIPER-SWIFT-frameworks-${CONFIGURATION}-input-files.xcfilelist",
			);
			name = "[CP] Embed Pods Frameworks";
			outputFileListPaths = (
				"${PODS_ROOT}/Target Support Files/Pods-VIPER-SWIFT/Pods-VIPER-SWIFT-frameworks-${CONFIGURATION}-output-files.xcfilelist",
			);
			runOnlyForDeploymentPostprocessing = 0;
			shellPath = /bin/sh;
			shellScript = "\"${PODS_ROOT}/Target Support Files/Pods-VIPER-SWIFT/Pods-VIPER-SWIFT-frameworks.sh\"\n";
			showEnvVarsInLog = 0;
		};
		0964578B15EAF4F04486F6E3 /* [CP] Check Pods Manifest.lock */ = {
			isa = PBXShellScriptBuildPhase;
			buildActionMask = 2147483647;
			files = (
			);
			inputFileListPaths = (
			);
			inputPaths = (
				"${PODS_PODFILE_DIR_PATH}/Podfile.lock",
				"${PODS_ROOT}/Manifest.lock",
			);
			name = "[CP] Check Pods Manifest.lock";
			outputFileListPaths = (
			);
			outputPaths = (
				"$(DERIVED_FILE_DIR)/Pods-VIPER-SWIFT-checkManifestLockResult.txt",
			);
			runOnlyForDeploymentPostprocessing = 0;
			shellPath = /bin/sh;
			shellScript = "diff \"${PODS_PODFILE_DIR_PATH}/Podfile.lock\" \"${PODS_ROOT}/Manifest.lock\" > /dev/null\nif [ $? != 0 ] ; then\n    # print error to STDERR\n    echo \"error: The sandbox is not in sync with the Podfile.lock. Run 'pod install' or update your CocoaPods installation.\" >&2\n    exit 1\nfi\n# This output is used by Xcode 'outputs' to avoid re-running this script phase.\necho \"SUCCESS\" > \"${SCRIPT_OUTPUT_FILE_0}\"\n";
			showEnvVarsInLog = 0;
		};
		44EB5357D1328A19B15F6241 /* [CP] Embed Pods Frameworks */ = {
			isa = PBXShellScriptBuildPhase;
			buildActionMask = 2147483647;
			files = (
			);
			inputFileListPaths = (
				"${PODS_ROOT}/Target Support Files/Pods-VIPER-SWIFTTests/Pods-VIPER-SWIFTTests-frameworks-${CONFIGURATION}-input-files.xcfilelist",
			);
			name = "[CP] Embed Pods Frameworks";
			outputFileListPaths = (
				"${PODS_ROOT}/Target Support Files/Pods-VIPER-SWIFTTests/Pods-VIPER-SWIFTTests-frameworks-${CONFIGURATION}-output-files.xcfilelist",
			);
			runOnlyForDeploymentPostprocessing = 0;
			shellPath = /bin/sh;
			shellScript = "\"${PODS_ROOT}/Target Support Files/Pods-VIPER-SWIFTTests/Pods-VIPER-SWIFTTests-frameworks.sh\"\n";
			showEnvVarsInLog = 0;
		};
		6E19BC23CA5897477118F500 /* [CP] Check Pods Manifest.lock */ = {
			isa = PBXShellScriptBuildPhase;
			buildActionMask = 2147483647;
			files = (
			);
			inputFileListPaths = (
			);
			inputPaths = (
				"${PODS_PODFILE_DIR_PATH}/Podfile.lock",
				"${PODS_ROOT}/Manifest.lock",
			);
			name = "[CP] Check Pods Manifest.lock";
			outputFileListPaths = (
			);
			outputPaths = (
				"$(DERIVED_FILE_DIR)/Pods-VIPER-SWIFTTests-checkManifestLockResult.txt",
			);
			runOnlyForDeploymentPostprocessing = 0;
			shellPath = /bin/sh;
			shellScript = "diff \"${PODS_PODFILE_DIR_PATH}/Podfile.lock\" \"${PODS_ROOT}/Manifest.lock\" > /dev/null\nif [ $? != 0 ] ; then\n    # print error to STDERR\n    echo \"error: The sandbox is not in sync with the Podfile.lock. Run 'pod install' or update your CocoaPods installation.\" >&2\n    exit 1\nfi\n# This output is used by Xcode 'outputs' to avoid re-running this script phase.\necho \"SUCCESS\" > \"${SCRIPT_OUTPUT_FILE_0}\"\n";
			showEnvVarsInLog = 0;
		};
/* End PBXShellScriptBuildPhase section */

/* Begin PBXSourcesBuildPhase section */
		F927B7E624908ABF00A43044 /* Sources */ = {
			isa = PBXSourcesBuildPhase;
			buildActionMask = 2147483647;
			files = (
				F927B86624908BA900A43044 /* ListInteractorIO.swift in Sources */,
				F927B85B24908BA900A43044 /* AddDataManager.swift in Sources */,
				F927B86A24908BA900A43044 /* ListPresenter.swift in Sources */,
				F927B86024908BA900A43044 /* AddWireframe.swift in Sources */,
				F927B85324908BA900A43044 /* DeviceClock.swift in Sources */,
				F927B85D24908BA900A43044 /* AddPresentationTransition.swift in Sources */,
				F927B86424908BA900A43044 /* ListDataManager.swift in Sources */,
				F927B85224908BA900A43044 /* Clock.swift in Sources */,
				F927B86D24908BA900A43044 /* ListWireframe.swift in Sources */,
				F927B85F24908BA900A43044 /* AddPresenter.swift in Sources */,
				F927B86724908BA900A43044 /* UpcomingItem.swift in Sources */,
				F927B85824908BA900A43044 /* AppDelegate.swift in Sources */,
				F927B86E24908BA900A43044 /* ListViewController.swift in Sources */,
				F927B85424908BA900A43044 /* CoreDataStore.swift in Sources */,
				F927B85024908BA900A43044 /* RootWireframe.swift in Sources */,
				F927B86524908BA900A43044 /* ListInteractor.swift in Sources */,
				F927B86124908BA900A43044 /* AddViewController.swift in Sources */,
				F927B85624908BA900A43044 /* ManagedTodoItem.swift in Sources */,
				F927B85524908BA900A43044 /* TODO.xcdatamodeld in Sources */,
				F927B84F24908BA900A43044 /* NearTermDateRelation.swift in Sources */,
				F927B85E24908BA900A43044 /* AddDismissalTransition.swift in Sources */,
				F927B84E24908BA900A43044 /* TodoItem.swift in Sources */,
				F927B85724908BA900A43044 /* AppDependencies.swift in Sources */,
				F927B86324908BA900A43044 /* ListModuleInterface.swift in Sources */,
				F927BB8B2490D73100A43044 /* LoginViewController.swift in Sources */,
				F927B85C24908BA900A43044 /* AddInteractor.swift in Sources */,
				F927B86C24908BA900A43044 /* UpcomingDisplaySection.swift in Sources */,
				F927B85924908BA900A43044 /* AddModuleInterface.swift in Sources */,
				F927BB8C2490D73100A43044 /* DetailViewController.swift in Sources */,
				F927B86824908BA900A43044 /* UpcomingDisplayDataCollection.swift in Sources */,
				F927B85124908BA900A43044 /* NSCalendar+CalendarAdditions.swift in Sources */,
				F927B86924908BA900A43044 /* UpcomingDisplayItem.swift in Sources */,
				F927B86F24908BA900A43044 /* ListViewInterface.swift in Sources */,
				F927B86224908BA900A43044 /* AddViewInterface.swift in Sources */,
				F927B86B24908BA900A43044 /* UpcomingDisplayData.swift in Sources */,
				F927B7F024908ABF00A43044 /* SceneDelegate.swift in Sources */,
				F927BB862490D70B00A43044 /* APIClient.swift in Sources */,
			);
			runOnlyForDeploymentPostprocessing = 0;
		};
		F927B7FC24908AC100A43044 /* Sources */ = {
			isa = PBXSourcesBuildPhase;
			buildActionMask = 2147483647;
			files = (
				F927B80524908AC100A43044 /* VIPER_SWIFTTests.swift in Sources */,
				F927B87B24908DBE00A43044 /* DataTests.swift in Sources */,
				F927B87C24908DBE00A43044 /* TODOSpec.swift in Sources */,
				F927B87E24908E1000A43044 /* CalendarTests.swift in Sources */,
				F927B87A24908DBE00A43044 /* RelativeDateTests.swift in Sources */,
			);
			runOnlyForDeploymentPostprocessing = 0;
		};
		F927BB8D2490D77500A43044 /* Sources */ = {
			isa = PBXSourcesBuildPhase;
			buildActionMask = 2147483647;
			files = (
				F927BB942490D77600A43044 /* VIPER_SWIFTUITests.swift in Sources */,
			);
			runOnlyForDeploymentPostprocessing = 0;
		};
/* End PBXSourcesBuildPhase section */

/* Begin PBXTargetDependency section */
		F927B80224908AC100A43044 /* PBXTargetDependency */ = {
			isa = PBXTargetDependency;
			target = F927B7E924908ABF00A43044 /* VIPER-SWIFT */;
			targetProxy = F927B80124908AC100A43044 /* PBXContainerItemProxy */;
		};
		F927BB972490D77600A43044 /* PBXTargetDependency */ = {
			isa = PBXTargetDependency;
			target = F927B7E924908ABF00A43044 /* VIPER-SWIFT */;
			targetProxy = F927BB962490D77600A43044 /* PBXContainerItemProxy */;
		};
/* End PBXTargetDependency section */

/* Begin PBXVariantGroup section */
		F927B7F824908AC000A43044 /* LaunchScreen.storyboard */ = {
			isa = PBXVariantGroup;
			children = (
				F927B7F924908AC000A43044 /* Base */,
			);
			name = LaunchScreen.storyboard;
			sourceTree = "<group>";
		};
/* End PBXVariantGroup section */

/* Begin XCBuildConfiguration section */
		F927B80724908AC100A43044 /* Debug */ = {
			isa = XCBuildConfiguration;
			buildSettings = {
				ALWAYS_SEARCH_USER_PATHS = NO;
				CLANG_ANALYZER_NONNULL = YES;
				CLANG_ANALYZER_NUMBER_OBJECT_CONVERSION = YES_AGGRESSIVE;
				CLANG_CXX_LANGUAGE_STANDARD = "gnu++14";
				CLANG_CXX_LIBRARY = "libc++";
				CLANG_ENABLE_MODULES = YES;
				CLANG_ENABLE_OBJC_ARC = YES;
				CLANG_ENABLE_OBJC_WEAK = YES;
				CLANG_WARN_BLOCK_CAPTURE_AUTORELEASING = YES;
				CLANG_WARN_BOOL_CONVERSION = YES;
				CLANG_WARN_COMMA = YES;
				CLANG_WARN_CONSTANT_CONVERSION = YES;
				CLANG_WARN_DEPRECATED_OBJC_IMPLEMENTATIONS = YES;
				CLANG_WARN_DIRECT_OBJC_ISA_USAGE = YES_ERROR;
				CLANG_WARN_DOCUMENTATION_COMMENTS = YES;
				CLANG_WARN_EMPTY_BODY = YES;
				CLANG_WARN_ENUM_CONVERSION = YES;
				CLANG_WARN_INFINITE_RECURSION = YES;
				CLANG_WARN_INT_CONVERSION = YES;
				CLANG_WARN_NON_LITERAL_NULL_CONVERSION = YES;
				CLANG_WARN_OBJC_IMPLICIT_RETAIN_SELF = YES;
				CLANG_WARN_OBJC_LITERAL_CONVERSION = YES;
				CLANG_WARN_OBJC_ROOT_CLASS = YES_ERROR;
				CLANG_WARN_RANGE_LOOP_ANALYSIS = YES;
				CLANG_WARN_STRICT_PROTOTYPES = YES;
				CLANG_WARN_SUSPICIOUS_MOVE = YES;
				CLANG_WARN_UNGUARDED_AVAILABILITY = YES_AGGRESSIVE;
				CLANG_WARN_UNREACHABLE_CODE = YES;
				CLANG_WARN__DUPLICATE_METHOD_MATCH = YES;
				COPY_PHASE_STRIP = NO;
				DEBUG_INFORMATION_FORMAT = dwarf;
				ENABLE_STRICT_OBJC_MSGSEND = YES;
				ENABLE_TESTABILITY = YES;
				GCC_C_LANGUAGE_STANDARD = gnu11;
				GCC_DYNAMIC_NO_PIC = NO;
				GCC_NO_COMMON_BLOCKS = YES;
				GCC_OPTIMIZATION_LEVEL = 0;
				GCC_PREPROCESSOR_DEFINITIONS = (
					"DEBUG=1",
					"$(inherited)",
				);
				GCC_WARN_64_TO_32_BIT_CONVERSION = YES;
				GCC_WARN_ABOUT_RETURN_TYPE = YES_ERROR;
				GCC_WARN_UNDECLARED_SELECTOR = YES;
				GCC_WARN_UNINITIALIZED_AUTOS = YES_AGGRESSIVE;
				GCC_WARN_UNUSED_FUNCTION = YES;
				GCC_WARN_UNUSED_VARIABLE = YES;
				IPHONEOS_DEPLOYMENT_TARGET = 13.5;
				MTL_ENABLE_DEBUG_INFO = INCLUDE_SOURCE;
				MTL_FAST_MATH = YES;
				ONLY_ACTIVE_ARCH = YES;
				SDKROOT = iphoneos;
				SWIFT_ACTIVE_COMPILATION_CONDITIONS = DEBUG;
				SWIFT_OPTIMIZATION_LEVEL = "-Onone";
			};
			name = Debug;
		};
		F927B80824908AC100A43044 /* Release */ = {
			isa = XCBuildConfiguration;
			buildSettings = {
				ALWAYS_SEARCH_USER_PATHS = NO;
				CLANG_ANALYZER_NONNULL = YES;
				CLANG_ANALYZER_NUMBER_OBJECT_CONVERSION = YES_AGGRESSIVE;
				CLANG_CXX_LANGUAGE_STANDARD = "gnu++14";
				CLANG_CXX_LIBRARY = "libc++";
				CLANG_ENABLE_MODULES = YES;
				CLANG_ENABLE_OBJC_ARC = YES;
				CLANG_ENABLE_OBJC_WEAK = YES;
				CLANG_WARN_BLOCK_CAPTURE_AUTORELEASING = YES;
				CLANG_WARN_BOOL_CONVERSION = YES;
				CLANG_WARN_COMMA = YES;
				CLANG_WARN_CONSTANT_CONVERSION = YES;
				CLANG_WARN_DEPRECATED_OBJC_IMPLEMENTATIONS = YES;
				CLANG_WARN_DIRECT_OBJC_ISA_USAGE = YES_ERROR;
				CLANG_WARN_DOCUMENTATION_COMMENTS = YES;
				CLANG_WARN_EMPTY_BODY = YES;
				CLANG_WARN_ENUM_CONVERSION = YES;
				CLANG_WARN_INFINITE_RECURSION = YES;
				CLANG_WARN_INT_CONVERSION = YES;
				CLANG_WARN_NON_LITERAL_NULL_CONVERSION = YES;
				CLANG_WARN_OBJC_IMPLICIT_RETAIN_SELF = YES;
				CLANG_WARN_OBJC_LITERAL_CONVERSION = YES;
				CLANG_WARN_OBJC_ROOT_CLASS = YES_ERROR;
				CLANG_WARN_RANGE_LOOP_ANALYSIS = YES;
				CLANG_WARN_STRICT_PROTOTYPES = YES;
				CLANG_WARN_SUSPICIOUS_MOVE = YES;
				CLANG_WARN_UNGUARDED_AVAILABILITY = YES_AGGRESSIVE;
				CLANG_WARN_UNREACHABLE_CODE = YES;
				CLANG_WARN__DUPLICATE_METHOD_MATCH = YES;
				COPY_PHASE_STRIP = NO;
				DEBUG_INFORMATION_FORMAT = "dwarf-with-dsym";
				ENABLE_NS_ASSERTIONS = NO;
				ENABLE_STRICT_OBJC_MSGSEND = YES;
				GCC_C_LANGUAGE_STANDARD = gnu11;
				GCC_NO_COMMON_BLOCKS = YES;
				GCC_WARN_64_TO_32_BIT_CONVERSION = YES;
				GCC_WARN_ABOUT_RETURN_TYPE = YES_ERROR;
				GCC_WARN_UNDECLARED_SELECTOR = YES;
				GCC_WARN_UNINITIALIZED_AUTOS = YES_AGGRESSIVE;
				GCC_WARN_UNUSED_FUNCTION = YES;
				GCC_WARN_UNUSED_VARIABLE = YES;
				IPHONEOS_DEPLOYMENT_TARGET = 13.5;
				MTL_ENABLE_DEBUG_INFO = NO;
				MTL_FAST_MATH = YES;
				SDKROOT = iphoneos;
				SWIFT_COMPILATION_MODE = wholemodule;
				SWIFT_OPTIMIZATION_LEVEL = "-O";
				VALIDATE_PRODUCT = YES;
			};
			name = Release;
		};
		F927B80A24908AC100A43044 /* Debug */ = {
			isa = XCBuildConfiguration;
			baseConfigurationReference = 81CC0197EE66A361AE493CCA /* Pods-VIPER-SWIFT.debug.xcconfig */;
			buildSettings = {
				ASSETCATALOG_COMPILER_APPICON_NAME = AppIcon;
				CODE_SIGN_STYLE = Automatic;
				INFOPLIST_FILE = "VIPER-SWIFT/Info.plist";
				LD_RUNPATH_SEARCH_PATHS = (
					"$(inherited)",
					"@executable_path/Frameworks",
				);
				PRODUCT_BUNDLE_IDENTIFIER = "com.hsg.iTBoyer.VIPER-SWIFT";
				PRODUCT_NAME = "$(TARGET_NAME)";
				SWIFT_VERSION = 5.0;
				TARGETED_DEVICE_FAMILY = "1,2";
			};
			name = Debug;
		};
		F927B80B24908AC100A43044 /* Release */ = {
			isa = XCBuildConfiguration;
			baseConfigurationReference = D0C3C17BEEEA2A61A21EBD45 /* Pods-VIPER-SWIFT.release.xcconfig */;
			buildSettings = {
				ASSETCATALOG_COMPILER_APPICON_NAME = AppIcon;
				CODE_SIGN_STYLE = Automatic;
				INFOPLIST_FILE = "VIPER-SWIFT/Info.plist";
				LD_RUNPATH_SEARCH_PATHS = (
					"$(inherited)",
					"@executable_path/Frameworks",
				);
				PRODUCT_BUNDLE_IDENTIFIER = "com.hsg.iTBoyer.VIPER-SWIFT";
				PRODUCT_NAME = "$(TARGET_NAME)";
				SWIFT_VERSION = 5.0;
				TARGETED_DEVICE_FAMILY = "1,2";
			};
			name = Release;
		};
		F927B80D24908AC100A43044 /* Debug */ = {
			isa = XCBuildConfiguration;
			baseConfigurationReference = 72E1E0B3F78514F2D6E300FA /* Pods-VIPER-SWIFTTests.debug.xcconfig */;
			buildSettings = {
				ALWAYS_EMBED_SWIFT_STANDARD_LIBRARIES = YES;
				BUNDLE_LOADER = "$(TEST_HOST)";
				CODE_SIGN_STYLE = Automatic;
				INFOPLIST_FILE = "VIPER-SWIFTTests/Info.plist";
				IPHONEOS_DEPLOYMENT_TARGET = 13.5;
				LD_RUNPATH_SEARCH_PATHS = (
					"$(inherited)",
					"@executable_path/Frameworks",
					"@loader_path/Frameworks",
				);
				PRODUCT_BUNDLE_IDENTIFIER = "com.hsg.iTBoyer.VIPER-SWIFTTests";
				PRODUCT_NAME = "$(TARGET_NAME)";
				SWIFT_VERSION = 5.0;
				TARGETED_DEVICE_FAMILY = "1,2";
				TEST_HOST = "$(BUILT_PRODUCTS_DIR)/VIPER-SWIFT.app/VIPER-SWIFT";
			};
			name = Debug;
		};
		F927B80E24908AC100A43044 /* Release */ = {
			isa = XCBuildConfiguration;
			baseConfigurationReference = 98E6BF034926EF88DE24F756 /* Pods-VIPER-SWIFTTests.release.xcconfig */;
			buildSettings = {
				ALWAYS_EMBED_SWIFT_STANDARD_LIBRARIES = YES;
				BUNDLE_LOADER = "$(TEST_HOST)";
				CODE_SIGN_STYLE = Automatic;
				INFOPLIST_FILE = "VIPER-SWIFTTests/Info.plist";
				IPHONEOS_DEPLOYMENT_TARGET = 13.5;
				LD_RUNPATH_SEARCH_PATHS = (
					"$(inherited)",
					"@executable_path/Frameworks",
					"@loader_path/Frameworks",
				);
				PRODUCT_BUNDLE_IDENTIFIER = "com.hsg.iTBoyer.VIPER-SWIFTTests";
				PRODUCT_NAME = "$(TARGET_NAME)";
				SWIFT_VERSION = 5.0;
				TARGETED_DEVICE_FAMILY = "1,2";
				TEST_HOST = "$(BUILT_PRODUCTS_DIR)/VIPER-SWIFT.app/VIPER-SWIFT";
			};
			name = Release;
		};
		F927BB992490D77600A43044 /* Debug */ = {
			isa = XCBuildConfiguration;
			buildSettings = {
				CODE_SIGN_STYLE = Automatic;
				INFOPLIST_FILE = "VIPER-SWIFTUITests/Info.plist";
				LD_RUNPATH_SEARCH_PATHS = (
					"$(inherited)",
					"@executable_path/Frameworks",
					"@loader_path/Frameworks",
				);
				PRODUCT_BUNDLE_IDENTIFIER = "com.hsg.iTBoyer.VIPER-SWIFTUITests";
				PRODUCT_NAME = "$(TARGET_NAME)";
				SWIFT_VERSION = 5.0;
				TARGETED_DEVICE_FAMILY = "1,2";
				TEST_TARGET_NAME = "VIPER-SWIFT";
			};
			name = Debug;
		};
		F927BB9A2490D77600A43044 /* Release */ = {
			isa = XCBuildConfiguration;
			buildSettings = {
				CODE_SIGN_STYLE = Automatic;
				INFOPLIST_FILE = "VIPER-SWIFTUITests/Info.plist";
				LD_RUNPATH_SEARCH_PATHS = (
					"$(inherited)",
					"@executable_path/Frameworks",
					"@loader_path/Frameworks",
				);
				PRODUCT_BUNDLE_IDENTIFIER = "com.hsg.iTBoyer.VIPER-SWIFTUITests";
				PRODUCT_NAME = "$(TARGET_NAME)";
				SWIFT_VERSION = 5.0;
				TARGETED_DEVICE_FAMILY = "1,2";
				TEST_TARGET_NAME = "VIPER-SWIFT";
			};
			name = Release;
		};
/* End XCBuildConfiguration section */

/* Begin XCConfigurationList section */
		F927B7E524908ABF00A43044 /* Build configuration list for PBXProject "VIPER-SWIFT" */ = {
			isa = XCConfigurationList;
			buildConfigurations = (
				F927B80724908AC100A43044 /* Debug */,
				F927B80824908AC100A43044 /* Release */,
			);
			defaultConfigurationIsVisible = 0;
			defaultConfigurationName = Release;
		};
		F927B80924908AC100A43044 /* Build configuration list for PBXNativeTarget "VIPER-SWIFT" */ = {
			isa = XCConfigurationList;
			buildConfigurations = (
				F927B80A24908AC100A43044 /* Debug */,
				F927B80B24908AC100A43044 /* Release */,
			);
			defaultConfigurationIsVisible = 0;
			defaultConfigurationName = Release;
		};
		F927B80C24908AC100A43044 /* Build configuration list for PBXNativeTarget "VIPER-SWIFTTests" */ = {
			isa = XCConfigurationList;
			buildConfigurations = (
				F927B80D24908AC100A43044 /* Debug */,
				F927B80E24908AC100A43044 /* Release */,
			);
			defaultConfigurationIsVisible = 0;
			defaultConfigurationName = Release;
		};
		F927BB982490D77600A43044 /* Build configuration list for PBXNativeTarget "VIPER-SWIFTUITests" */ = {
			isa = XCConfigurationList;
			buildConfigurations = (
				F927BB992490D77600A43044 /* Debug */,
				F927BB9A2490D77600A43044 /* Release */,
			);
			defaultConfigurationIsVisible = 0;
			defaultConfigurationName = Release;
		};
/* End XCConfigurationList section */

/* Begin XCVersionGroup section */
		F927B81D24908BA800A43044 /* TODO.xcdatamodeld */ = {
			isa = XCVersionGroup;
			children = (
				F927B81E24908BA800A43044 /* TODO.xcdatamodel */,
			);
			currentVersion = F927B81E24908BA800A43044 /* TODO.xcdatamodel */;
			path = TODO.xcdatamodeld;
			sourceTree = "<group>";
			versionGroupType = wrapper.xcdatamodel;
		};
/* End XCVersionGroup section */
	};
	rootObject = F927B7E224908ABF00A43044 /* Project object */;
}
